// !$*UTF8*$!
{
	archiveVersion = 1;
	classes = {
	};
	objectVersion = 50;
	objects = {

/* Begin PBXBuildFile section */
		AD48F44C2278420500BC2A8A /* AppDelegate.swift in Sources */ = {isa = PBXBuildFile; fileRef = AD48F44B2278420500BC2A8A /* AppDelegate.swift */; };
		AD48F4512278420500BC2A8A /* Main.storyboard in Resources */ = {isa = PBXBuildFile; fileRef = AD48F44F2278420500BC2A8A /* Main.storyboard */; };
		AD48F4532278420600BC2A8A /* Assets.xcassets in Resources */ = {isa = PBXBuildFile; fileRef = AD48F4522278420600BC2A8A /* Assets.xcassets */; };
		AD48F4562278420600BC2A8A /* LaunchScreen.storyboard in Resources */ = {isa = PBXBuildFile; fileRef = AD48F4542278420600BC2A8A /* LaunchScreen.storyboard */; };
		AD48F4602278441300BC2A8A /* Painting.swift in Sources */ = {isa = PBXBuildFile; fileRef = AD48F45F2278441300BC2A8A /* Painting.swift */; };
		AD48F46222784C7600BC2A8A /* Model.swift in Sources */ = {isa = PBXBuildFile; fileRef = AD48F46122784C7600BC2A8A /* Model.swift */; };
		AD48F4642278516700BC2A8A /* PaintingViewController.swift in Sources */ = {isa = PBXBuildFile; fileRef = AD48F4632278516700BC2A8A /* PaintingViewController.swift */; };
		AD48F4662278540A00BC2A8A /* PaintingTableViewCell.swift in Sources */ = {isa = PBXBuildFile; fileRef = AD48F4652278540A00BC2A8A /* PaintingTableViewCell.swift */; };
		AD48F46822785FCA00BC2A8A /* PaintingTableViewCellDelegate.swift in Sources */ = {isa = PBXBuildFile; fileRef = AD48F46722785FCA00BC2A8A /* PaintingTableViewCellDelegate.swift */; };
/* End PBXBuildFile section */

/* Begin PBXFileReference section */
		AD48F4482278420500BC2A8A /* ArtGallery.app */ = {isa = PBXFileReference; explicitFileType = wrapper.application; includeInIndex = 0; path = ArtGallery.app; sourceTree = BUILT_PRODUCTS_DIR; };
		AD48F44B2278420500BC2A8A /* AppDelegate.swift */ = {isa = PBXFileReference; lastKnownFileType = sourcecode.swift; path = AppDelegate.swift; sourceTree = "<group>"; };
		AD48F4502278420500BC2A8A /* Base */ = {isa = PBXFileReference; lastKnownFileType = file.storyboard; name = Base; path = Base.lproj/Main.storyboard; sourceTree = "<group>"; };
		AD48F4522278420600BC2A8A /* Assets.xcassets */ = {isa = PBXFileReference; lastKnownFileType = folder.assetcatalog; path = Assets.xcassets; sourceTree = "<group>"; };
		AD48F4552278420600BC2A8A /* Base */ = {isa = PBXFileReference; lastKnownFileType = file.storyboard; name = Base; path = Base.lproj/LaunchScreen.storyboard; sourceTree = "<group>"; };
		AD48F4572278420600BC2A8A /* Info.plist */ = {isa = PBXFileReference; lastKnownFileType = text.plist.xml; path = Info.plist; sourceTree = "<group>"; };
		AD48F45F2278441300BC2A8A /* Painting.swift */ = {isa = PBXFileReference; lastKnownFileType = sourcecode.swift; path = Painting.swift; sourceTree = "<group>"; };
		AD48F46122784C7600BC2A8A /* Model.swift */ = {isa = PBXFileReference; lastKnownFileType = sourcecode.swift; path = Model.swift; sourceTree = "<group>"; };
		AD48F4632278516700BC2A8A /* PaintingViewController.swift */ = {isa = PBXFileReference; lastKnownFileType = sourcecode.swift; path = PaintingViewController.swift; sourceTree = "<group>"; };
		AD48F4652278540A00BC2A8A /* PaintingTableViewCell.swift */ = {isa = PBXFileReference; lastKnownFileType = sourcecode.swift; path = PaintingTableViewCell.swift; sourceTree = "<group>"; };
		AD48F46722785FCA00BC2A8A /* PaintingTableViewCellDelegate.swift */ = {isa = PBXFileReference; lastKnownFileType = sourcecode.swift; path = PaintingTableViewCellDelegate.swift; sourceTree = "<group>"; };
/* End PBXFileReference section */

/* Begin PBXFrameworksBuildPhase section */
		AD48F4452278420500BC2A8A /* Frameworks */ = {
			isa = PBXFrameworksBuildPhase;
			buildActionMask = 2147483647;
			files = (
			);
			runOnlyForDeploymentPostprocessing = 0;
		};
/* End PBXFrameworksBuildPhase section */

/* Begin PBXGroup section */
		AD48F43F2278420500BC2A8A = {
			isa = PBXGroup;
			children = (
				AD48F44A2278420500BC2A8A /* ArtGallery */,
				AD48F4492278420500BC2A8A /* Products */,
			);
			sourceTree = "<group>";
		};
		AD48F4492278420500BC2A8A /* Products */ = {
			isa = PBXGroup;
			children = (
				AD48F4482278420500BC2A8A /* ArtGallery.app */,
			);
			name = Products;
			sourceTree = "<group>";
		};
		AD48F44A2278420500BC2A8A /* ArtGallery */ = {
			isa = PBXGroup;
			children = (
				AD48F44B2278420500BC2A8A /* AppDelegate.swift */,
				AD48F44F2278420500BC2A8A /* Main.storyboard */,
				AD48F4632278516700BC2A8A /* PaintingViewController.swift */,
				AD48F4652278540A00BC2A8A /* PaintingTableViewCell.swift */,
				AD48F46722785FCA00BC2A8A /* PaintingTableViewCellDelegate.swift */,
				AD48F45F2278441300BC2A8A /* Painting.swift */,
				AD48F46122784C7600BC2A8A /* Model.swift */,
				AD48F4522278420600BC2A8A /* Assets.xcassets */,
				AD48F4542278420600BC2A8A /* LaunchScreen.storyboard */,
				AD48F4572278420600BC2A8A /* Info.plist */,
			);
			path = ArtGallery;
			sourceTree = "<group>";
		};
/* End PBXGroup section */

/* Begin PBXNativeTarget section */
		AD48F4472278420500BC2A8A /* ArtGallery */ = {
			isa = PBXNativeTarget;
			buildConfigurationList = AD48F45A2278420600BC2A8A /* Build configuration list for PBXNativeTarget "ArtGallery" */;
			buildPhases = (
				AD48F4442278420500BC2A8A /* Sources */,
				AD48F4452278420500BC2A8A /* Frameworks */,
				AD48F4462278420500BC2A8A /* Resources */,
			);
			buildRules = (
			);
			dependencies = (
			);
			name = ArtGallery;
			productName = ArtGallery;
			productReference = AD48F4482278420500BC2A8A /* ArtGallery.app */;
			productType = "com.apple.product-type.application";
		};
/* End PBXNativeTarget section */

/* Begin PBXProject section */
		AD48F4402278420500BC2A8A /* Project object */ = {
			isa = PBXProject;
			attributes = {
				LastSwiftUpdateCheck = 1020;
				LastUpgradeCheck = 1020;
				ORGANIZATIONNAME = putergeek;
				TargetAttributes = {
					AD48F4472278420500BC2A8A = {
						CreatedOnToolsVersion = 10.2.1;
					};
				};
			};
			buildConfigurationList = AD48F4432278420500BC2A8A /* Build configuration list for PBXProject "ArtGallery" */;
			compatibilityVersion = "Xcode 9.3";
			developmentRegion = en;
			hasScannedForEncodings = 0;
			knownRegions = (
				en,
				Base,
			);
			mainGroup = AD48F43F2278420500BC2A8A;
			productRefGroup = AD48F4492278420500BC2A8A /* Products */;
			projectDirPath = "";
			projectRoot = "";
			targets = (
				AD48F4472278420500BC2A8A /* ArtGallery */,
			);
		};
/* End PBXProject section */

/* Begin PBXResourcesBuildPhase section */
		AD48F4462278420500BC2A8A /* Resources */ = {
			isa = PBXResourcesBuildPhase;
			buildActionMask = 2147483647;
			files = (
				AD48F4562278420600BC2A8A /* LaunchScreen.storyboard in Resources */,
				AD48F4532278420600BC2A8A /* Assets.xcassets in Resources */,
				AD48F4512278420500BC2A8A /* Main.storyboard in Resources */,
			);
			runOnlyForDeploymentPostprocessing = 0;
		};
/* End PBXResourcesBuildPhase section */

/* Begin PBXSourcesBuildPhase section */
		AD48F4442278420500BC2A8A /* Sources */ = {
			isa = PBXSourcesBuildPhase;
			buildActionMask = 2147483647;
			files = (
				AD48F46822785FCA00BC2A8A /* PaintingTableViewCellDelegate.swift in Sources */,
				AD48F4602278441300BC2A8A /* Painting.swift in Sources */,
				AD48F46222784C7600BC2A8A /* Model.swift in Sources */,
				AD48F44C2278420500BC2A8A /* AppDelegate.swift in Sources */,
				AD48F4642278516700BC2A8A /* PaintingViewController.swift in Sources */,
				AD48F4662278540A00BC2A8A /* PaintingTableViewCell.swift in Sources */,
			);
			runOnlyForDeploymentPostprocessing = 0;
		};
/* End PBXSourcesBuildPhase section */

/* Begin PBXVariantGroup section */
		AD48F44F2278420500BC2A8A /* Main.storyboard */ = {
			isa = PBXVariantGroup;
			children = (
				AD48F4502278420500BC2A8A /* Base */,
			);
			name = Main.storyboard;
			sourceTree = "<group>";
		};
		AD48F4542278420600BC2A8A /* LaunchScreen.storyboard */ = {
			isa = PBXVariantGroup;
			children = (
				AD48F4552278420600BC2A8A /* Base */,
			);
			name = LaunchScreen.storyboard;
			sourceTree = "<group>";
		};
/* End PBXVariantGroup section */

/* Begin XCBuildConfiguration section */
		AD48F4582278420600BC2A8A /* Debug */ = {
			isa = XCBuildConfiguration;
			buildSettings = {
				ALWAYS_SEARCH_USER_PATHS = NO;
				CLANG_ANALYZER_NONNULL = YES;
				CLANG_ANALYZER_NUMBER_OBJECT_CONVERSION = YES_AGGRESSIVE;
				CLANG_CXX_LANGUAGE_STANDARD = "gnu++14";
				CLANG_CXX_LIBRARY = "libc++";
				CLANG_ENABLE_MODULES = YES;
				CLANG_ENABLE_OBJC_ARC = YES;
				CLANG_ENABLE_OBJC_WEAK = YES;
				CLANG_WARN_BLOCK_CAPTURE_AUTORELEASING = YES;
				CLANG_WARN_BOOL_CONVERSION = YES;
				CLANG_WARN_COMMA = YES;
				CLANG_WARN_CONSTANT_CONVERSION = YES;
				CLANG_WARN_DEPRECATED_OBJC_IMPLEMENTATIONS = YES;
				CLANG_WARN_DIRECT_OBJC_ISA_USAGE = YES_ERROR;
				CLANG_WARN_DOCUMENTATION_COMMENTS = YES;
				CLANG_WARN_EMPTY_BODY = YES;
				CLANG_WARN_ENUM_CONVERSION = YES;
				CLANG_WARN_INFINITE_RECURSION = YES;
				CLANG_WARN_INT_CONVERSION = YES;
				CLANG_WARN_NON_LITERAL_NULL_CONVERSION = YES;
				CLANG_WARN_OBJC_IMPLICIT_RETAIN_SELF = YES;
				CLANG_WARN_OBJC_LITERAL_CONVERSION = YES;
				CLANG_WARN_OBJC_ROOT_CLASS = YES_ERROR;
				CLANG_WARN_RANGE_LOOP_ANALYSIS = YES;
				CLANG_WARN_STRICT_PROTOTYPES = YES;
				CLANG_WARN_SUSPICIOUS_MOVE = YES;
				CLANG_WARN_UNGUARDED_AVAILABILITY = YES_AGGRESSIVE;
				CLANG_WARN_UNREACHABLE_CODE = YES;
				CLANG_WARN__DUPLICATE_METHOD_MATCH = YES;
				CODE_SIGN_IDENTITY = "iPhone Developer";
				COPY_PHASE_STRIP = NO;
				DEBUG_INFORMATION_FORMAT = dwarf;
				ENABLE_STRICT_OBJC_MSGSEND = YES;
				ENABLE_TESTABILITY = YES;
				GCC_C_LANGUAGE_STANDARD = gnu11;
				GCC_DYNAMIC_NO_PIC = NO;
				GCC_NO_COMMON_BLOCKS = YES;
				GCC_OPTIMIZATION_LEVEL = 0;
				GCC_PREPROCESSOR_DEFINITIONS = (
					"DEBUG=1",
					"$(inherited)",
				);
				GCC_WARN_64_TO_32_BIT_CONVERSION = YES;
				GCC_WARN_ABOUT_RETURN_TYPE = YES_ERROR;
				GCC_WARN_UNDECLARED_SELECTOR = YES;
				GCC_WARN_UNINITIALIZED_AUTOS = YES_AGGRESSIVE;
				GCC_WARN_UNUSED_FUNCTION = YES;
				GCC_WARN_UNUSED_VARIABLE = YES;
				IPHONEOS_DEPLOYMENT_TARGET = 12.2;
				MTL_ENABLE_DEBUG_INFO = INCLUDE_SOURCE;
				MTL_FAST_MATH = YES;
				ONLY_ACTIVE_ARCH = YES;
				SDKROOT = iphoneos;
				SWIFT_ACTIVE_COMPILATION_CONDITIONS = DEBUG;
				SWIFT_OPTIMIZATION_LEVEL = "-Onone";
			};
			name = Debug;
		};
		AD48F4592278420600BC2A8A /* Release */ = {
			isa = XCBuildConfiguration;
			buildSettings = {
				ALWAYS_SEARCH_USER_PATHS = NO;
				CLANG_ANALYZER_NONNULL = YES;
				CLANG_ANALYZER_NUMBER_OBJECT_CONVERSION = YES_AGGRESSIVE;
				CLANG_CXX_LANGUAGE_STANDARD = "gnu++14";
				CLANG_CXX_LIBRARY = "libc++";
				CLANG_ENABLE_MODULES = YES;
				CLANG_ENABLE_OBJC_ARC = YES;
				CLANG_ENABLE_OBJC_WEAK = YES;
				CLANG_WARN_BLOCK_CAPTURE_AUTORELEASING = YES;
				CLANG_WARN_BOOL_CONVERSION = YES;
				CLANG_WARN_COMMA = YES;
				CLANG_WARN_CONSTANT_CONVERSION = YES;
				CLANG_WARN_DEPRECATED_OBJC_IMPLEMENTATIONS = YES;
				CLANG_WARN_DIRECT_OBJC_ISA_USAGE = YES_ERROR;
				CLANG_WARN_DOCUMENTATION_COMMENTS = YES;
				CLANG_WARN_EMPTY_BODY = YES;
				CLANG_WARN_ENUM_CONVERSION = YES;
				CLANG_WARN_INFINITE_RECURSION = YES;
				CLANG_WARN_INT_CONVERSION = YES;
				CLANG_WARN_NON_LITERAL_NULL_CONVERSION = YES;
				CLANG_WARN_OBJC_IMPLICIT_RETAIN_SELF = YES;
				CLANG_WARN_OBJC_LITERAL_CONVERSION = YES;
				CLANG_WARN_OBJC_ROOT_CLASS = YES_ERROR;
				CLANG_WARN_RANGE_LOOP_ANALYSIS = YES;
				CLANG_WARN_STRICT_PROTOTYPES = YES;
				CLANG_WARN_SUSPICIOUS_MOVE = YES;
				CLANG_WARN_UNGUARDED_AVAILABILITY = YES_AGGRESSIVE;
				CLANG_WARN_UNREACHABLE_CODE = YES;
				CLANG_WARN__DUPLICATE_METHOD_MATCH = YES;
				CODE_SIGN_IDENTITY = "iPhone Developer";
				COPY_PHASE_STRIP = NO;
				DEBUG_INFORMATION_FORMAT = "dwarf-with-dsym";
				ENABLE_NS_ASSERTIONS = NO;
				ENABLE_STRICT_OBJC_MSGSEND = YES;
				GCC_C_LANGUAGE_STANDARD = gnu11;
				GCC_NO_COMMON_BLOCKS = YES;
				GCC_WARN_64_TO_32_BIT_CONVERSION = YES;
				GCC_WARN_ABOUT_RETURN_TYPE = YES_ERROR;
				GCC_WARN_UNDECLARED_SELECTOR = YES;
				GCC_WARN_UNINITIALIZED_AUTOS = YES_AGGRESSIVE;
				GCC_WARN_UNUSED_FUNCTION = YES;
				GCC_WARN_UNUSED_VARIABLE = YES;
				IPHONEOS_DEPLOYMENT_TARGET = 12.2;
				MTL_ENABLE_DEBUG_INFO = NO;
				MTL_FAST_MATH = YES;
				SDKROOT = iphoneos;
				SWIFT_COMPILATION_MODE = wholemodule;
				SWIFT_OPTIMIZATION_LEVEL = "-O";
				VALIDATE_PRODUCT = YES;
			};
			name = Release;
		};
		AD48F45B2278420600BC2A8A /* Debug */ = {
			isa = XCBuildConfiguration;
			buildSettings = {
				ASSETCATALOG_COMPILER_APPICON_NAME = AppIcon;
				CODE_SIGN_STYLE = Automatic;
				INFOPLIST_FILE = ArtGallery/Info.plist;
				LD_RUNPATH_SEARCH_PATHS = (
					"$(inherited)",
					"@executable_path/Frameworks",
				);
				PRODUCT_BUNDLE_IDENTIFIER = com.putergeek.ArtGallery;
				PRODUCT_NAME = "$(TARGET_NAME)";
				SWIFT_VERSION = 5.0;
				TARGETED_DEVICE_FAMILY = "1,2";
			};
			name = Debug;
		};
		AD48F45C2278420600BC2A8A /* Release */ = {
			isa = XCBuildConfiguration;
			buildSettings = {
				ASSETCATALOG_COMPILER_APPICON_NAME = AppIcon;
				CODE_SIGN_STYLE = Automatic;
				INFOPLIST_FILE = ArtGallery/Info.plist;
				LD_RUNPATH_SEARCH_PATHS = (
					"$(inherited)",
					"@executable_path/Frameworks",
				);
				PRODUCT_BUNDLE_IDENTIFIER = com.putergeek.ArtGallery;
				PRODUCT_NAME = "$(TARGET_NAME)";
				SWIFT_VERSION = 5.0;
				TARGETED_DEVICE_FAMILY = "1,2";
			};
			name = Release;
		};
/* End XCBuildConfiguration section */

/* Begin XCConfigurationList section */
		AD48F4432278420500BC2A8A /* Build configuration list for PBXProject "ArtGallery" */ = {
			isa = XCConfigurationList;
			buildConfigurations = (
				AD48F4582278420600BC2A8A /* Debug */,
				AD48F4592278420600BC2A8A /* Release */,
			);
			defaultConfigurationIsVisible = 0;
			defaultConfigurationName = Release;
		};
		AD48F45A2278420600BC2A8A /* Build configuration list for PBXNativeTarget "ArtGallery" */ = {
			isa = XCConfigurationList;
			buildConfigurations = (
				AD48F45B2278420600BC2A8A /* Debug */,
				AD48F45C2278420600BC2A8A /* Release */,
			);
			defaultConfigurationIsVisible = 0;
			defaultConfigurationName = Release;
		};
/* End XCConfigurationList section */
	};
	rootObject = AD48F4402278420500BC2A8A /* Project object */;
}
